// !$*UTF8*$!
{
	archiveVersion = 1;
	classes = {
	};
	objectVersion = 56;
	objects = {

/* Begin PBXBuildFile section */
		7A915C802C5757770045F1CD /* Bank_appApp.swift in Sources */ = {isa = PBXBuildFile; fileRef = 7A915C7F2C5757770045F1CD /* Bank_appApp.swift */; };
		7A915C842C57577A0045F1CD /* Assets.xcassets in Resources */ = {isa = PBXBuildFile; fileRef = 7A915C832C57577A0045F1CD /* Assets.xcassets */; };
		7A915C872C57577A0045F1CD /* Preview Assets.xcassets in Resources */ = {isa = PBXBuildFile; fileRef = 7A915C862C57577A0045F1CD /* Preview Assets.xcassets */; };
		7A915C932C575B2F0045F1CD /* loginView.swift in Sources */ = {isa = PBXBuildFile; fileRef = 7A915C922C575B2F0045F1CD /* loginView.swift */; };
		7A915C952C575B4E0045F1CD /* loginModel.swift in Sources */ = {isa = PBXBuildFile; fileRef = 7A915C942C575B4E0045F1CD /* loginModel.swift */; };
		7A915C972C575B630045F1CD /* loginViewModel.swift in Sources */ = {isa = PBXBuildFile; fileRef = 7A915C962C575B620045F1CD /* loginViewModel.swift */; };
		7A915C992C575D510045F1CD /* master Pay 1.png in Resources */ = {isa = PBXBuildFile; fileRef = 7A915C982C575D510045F1CD /* master Pay 1.png */; };
		7A915C9B2C575E020045F1CD /* inputField.swift in Sources */ = {isa = PBXBuildFile; fileRef = 7A915C9A2C575E020045F1CD /* inputField.swift */; };
/* End PBXBuildFile section */

/* Begin PBXFileReference section */
		7A915C7C2C5757770045F1CD /* Bank_app.app */ = {isa = PBXFileReference; explicitFileType = wrapper.application; includeInIndex = 0; path = Bank_app.app; sourceTree = BUILT_PRODUCTS_DIR; };
		7A915C7F2C5757770045F1CD /* Bank_appApp.swift */ = {isa = PBXFileReference; lastKnownFileType = sourcecode.swift; path = Bank_appApp.swift; sourceTree = "<group>"; };
		7A915C832C57577A0045F1CD /* Assets.xcassets */ = {isa = PBXFileReference; lastKnownFileType = folder.assetcatalog; path = Assets.xcassets; sourceTree = "<group>"; };
		7A915C862C57577A0045F1CD /* Preview Assets.xcassets */ = {isa = PBXFileReference; lastKnownFileType = folder.assetcatalog; path = "Preview Assets.xcassets"; sourceTree = "<group>"; };
		7A915C922C575B2F0045F1CD /* loginView.swift */ = {isa = PBXFileReference; lastKnownFileType = sourcecode.swift; path = loginView.swift; sourceTree = "<group>"; };
		7A915C942C575B4E0045F1CD /* loginModel.swift */ = {isa = PBXFileReference; lastKnownFileType = sourcecode.swift; path = loginModel.swift; sourceTree = "<group>"; };
		7A915C962C575B620045F1CD /* loginViewModel.swift */ = {isa = PBXFileReference; lastKnownFileType = sourcecode.swift; path = loginViewModel.swift; sourceTree = "<group>"; };
		7A915C982C575D510045F1CD /* master Pay 1.png */ = {isa = PBXFileReference; lastKnownFileType = image.png; path = "master Pay 1.png"; sourceTree = "<group>"; };
		7A915C9A2C575E020045F1CD /* inputField.swift */ = {isa = PBXFileReference; lastKnownFileType = sourcecode.swift; path = inputField.swift; sourceTree = "<group>"; };
/* End PBXFileReference section */

/* Begin PBXFrameworksBuildPhase section */
		7A915C792C5757770045F1CD /* Frameworks */ = {
			isa = PBXFrameworksBuildPhase;
			buildActionMask = 2147483647;
			files = (
			);
			runOnlyForDeploymentPostprocessing = 0;
		};
/* End PBXFrameworksBuildPhase section */

/* Begin PBXGroup section */
		7A915C732C5757770045F1CD = {
			isa = PBXGroup;
			children = (
				7A915C7E2C5757770045F1CD /* Bank_app */,
				7A915C7D2C5757770045F1CD /* Products */,
			);
			sourceTree = "<group>";
		};
		7A915C7D2C5757770045F1CD /* Products */ = {
			isa = PBXGroup;
			children = (
				7A915C7C2C5757770045F1CD /* Bank_app.app */,
			);
			name = Products;
			sourceTree = "<group>";
		};
		7A915C7E2C5757770045F1CD /* Bank_app */ = {
			isa = PBXGroup;
			children = (
				7A915C912C5757FE0045F1CD /* Login */,
				7A915C902C5757FA0045F1CD /* Registration */,
				7A915C8F2C5757F60045F1CD /* Initial */,
				7A915C8E2C5757F20045F1CD /* Utilities */,
				7A915C8D2C5757EE0045F1CD /* New Group */,
				7A915C832C57577A0045F1CD /* Assets.xcassets */,
				7A915C852C57577A0045F1CD /* Preview Content */,
			);
			path = Bank_app;
			sourceTree = "<group>";
		};
		7A915C852C57577A0045F1CD /* Preview Content */ = {
			isa = PBXGroup;
			children = (
				7A915C862C57577A0045F1CD /* Preview Assets.xcassets */,
			);
			path = "Preview Content";
			sourceTree = "<group>";
		};
		7A915C8D2C5757EE0045F1CD /* New Group */ = {
			isa = PBXGroup;
			children = (
				7A915C982C575D510045F1CD /* master Pay 1.png */,
			);
			path = "New Group";
			sourceTree = "<group>";
		};
		7A915C8E2C5757F20045F1CD /* Utilities */ = {
			isa = PBXGroup;
			children = (
				7A915C9A2C575E020045F1CD /* inputField.swift */,
			);
			path = Utilities;
			sourceTree = "<group>";
		};
		7A915C8F2C5757F60045F1CD /* Initial */ = {
			isa = PBXGroup;
			children = (
				7A915C7F2C5757770045F1CD /* Bank_appApp.swift */,
			);
			path = Initial;
			sourceTree = "<group>";
		};
		7A915C902C5757FA0045F1CD /* Registration */ = {
			isa = PBXGroup;
			children = (
			);
			path = Registration;
			sourceTree = "<group>";
		};
		7A915C912C5757FE0045F1CD /* Login */ = {
			isa = PBXGroup;
			children = (
				7A915C922C575B2F0045F1CD /* loginView.swift */,
				7A915C942C575B4E0045F1CD /* loginModel.swift */,
				7A915C962C575B620045F1CD /* loginViewModel.swift */,
			);
			path = Login;
			sourceTree = "<group>";
		};
/* End PBXGroup section */

/* Begin PBXNativeTarget section */
		7A915C7B2C5757770045F1CD /* Bank_app */ = {
			isa = PBXNativeTarget;
			buildConfigurationList = 7A915C8A2C57577A0045F1CD /* Build configuration list for PBXNativeTarget "Bank_app" */;
			buildPhases = (
				7A915C782C5757770045F1CD /* Sources */,
				7A915C792C5757770045F1CD /* Frameworks */,
				7A915C7A2C5757770045F1CD /* Resources */,
			);
			buildRules = (
			);
			dependencies = (
			);
			name = Bank_app;
			productName = Bank_app;
			productReference = 7A915C7C2C5757770045F1CD /* Bank_app.app */;
			productType = "com.apple.product-type.application";
		};
/* End PBXNativeTarget section */

/* Begin PBXProject section */
		7A915C742C5757770045F1CD /* Project object */ = {
			isa = PBXProject;
			attributes = {
				BuildIndependentTargetsInParallel = 1;
				LastSwiftUpdateCheck = 1540;
				LastUpgradeCheck = 1540;
				TargetAttributes = {
					7A915C7B2C5757770045F1CD = {
						CreatedOnToolsVersion = 15.4;
					};
				};
			};
			buildConfigurationList = 7A915C772C5757770045F1CD /* Build configuration list for PBXProject "Bank_app" */;
			compatibilityVersion = "Xcode 14.0";
			developmentRegion = en;
			hasScannedForEncodings = 0;
			knownRegions = (
				en,
				Base,
			);
			mainGroup = 7A915C732C5757770045F1CD;
			productRefGroup = 7A915C7D2C5757770045F1CD /* Products */;
			projectDirPath = "";
			projectRoot = "";
			targets = (
				7A915C7B2C5757770045F1CD /* Bank_app */,
			);
		};
/* End PBXProject section */

/* Begin PBXResourcesBuildPhase section */
		7A915C7A2C5757770045F1CD /* Resources */ = {
			isa = PBXResourcesBuildPhase;
			buildActionMask = 2147483647;
			files = (
				7A915C872C57577A0045F1CD /* Preview Assets.xcassets in Resources */,
				7A915C992C575D510045F1CD /* master Pay 1.png in Resources */,
				7A915C842C57577A0045F1CD /* Assets.xcassets in Resources */,
			);
			runOnlyForDeploymentPostprocessing = 0;
		};
/* End PBXResourcesBuildPhase section */

/* Begin PBXSourcesBuildPhase section */
		7A915C782C5757770045F1CD /* Sources */ = {
			isa = PBXSourcesBuildPhase;
			buildActionMask = 2147483647;
			files = (
				7A915C972C575B630045F1CD /* loginViewModel.swift in Sources */,
				7A915C932C575B2F0045F1CD /* loginView.swift in Sources */,
				7A915C802C5757770045F1CD /* Bank_appApp.swift in Sources */,
				7A915C9B2C575E020045F1CD /* inputField.swift in Sources */,
				7A915C952C575B4E0045F1CD /* loginModel.swift in Sources */,
			);
			runOnlyForDeploymentPostprocessing = 0;
		};
/* End PBXSourcesBuildPhase section */

/* Begin XCBuildConfiguration section */
		7A915C882C57577A0045F1CD /* Debug */ = {
			isa = XCBuildConfiguration;
			buildSettings = {
				ALWAYS_SEARCH_USER_PATHS = NO;
				ASSETCATALOG_COMPILER_GENERATE_SWIFT_ASSET_SYMBOL_EXTENSIONS = YES;
				CLANG_ANALYZER_NONNULL = YES;
				CLANG_ANALYZER_NUMBER_OBJECT_CONVERSION = YES_AGGRESSIVE;
				CLANG_CXX_LANGUAGE_STANDARD = "gnu++20";
				CLANG_ENABLE_MODULES = YES;
				CLANG_ENABLE_OBJC_ARC = YES;
				CLANG_ENABLE_OBJC_WEAK = YES;
				CLANG_WARN_BLOCK_CAPTURE_AUTORELEASING = YES;
				CLANG_WARN_BOOL_CONVERSION = YES;
				CLANG_WARN_COMMA = YES;
				CLANG_WARN_CONSTANT_CONVERSION = YES;
				CLANG_WARN_DEPRECATED_OBJC_IMPLEMENTATIONS = YES;
				CLANG_WARN_DIRECT_OBJC_ISA_USAGE = YES_ERROR;
				CLANG_WARN_DOCUMENTATION_COMMENTS = YES;
				CLANG_WARN_EMPTY_BODY = YES;
				CLANG_WARN_ENUM_CONVERSION = YES;
				CLANG_WARN_INFINITE_RECURSION = YES;
				CLANG_WARN_INT_CONVERSION = YES;
				CLANG_WARN_NON_LITERAL_NULL_CONVERSION = YES;
				CLANG_WARN_OBJC_IMPLICIT_RETAIN_SELF = YES;
				CLANG_WARN_OBJC_LITERAL_CONVERSION = YES;
				CLANG_WARN_OBJC_ROOT_CLASS = YES_ERROR;
				CLANG_WARN_QUOTED_INCLUDE_IN_FRAMEWORK_HEADER = YES;
				CLANG_WARN_RANGE_LOOP_ANALYSIS = YES;
				CLANG_WARN_STRICT_PROTOTYPES = YES;
				CLANG_WARN_SUSPICIOUS_MOVE = YES;
				CLANG_WARN_UNGUARDED_AVAILABILITY = YES_AGGRESSIVE;
				CLANG_WARN_UNREACHABLE_CODE = YES;
				CLANG_WARN__DUPLICATE_METHOD_MATCH = YES;
				COPY_PHASE_STRIP = NO;
				DEBUG_INFORMATION_FORMAT = dwarf;
				ENABLE_STRICT_OBJC_MSGSEND = YES;
				ENABLE_TESTABILITY = YES;
				ENABLE_USER_SCRIPT_SANDBOXING = YES;
				GCC_C_LANGUAGE_STANDARD = gnu17;
				GCC_DYNAMIC_NO_PIC = NO;
				GCC_NO_COMMON_BLOCKS = YES;
				GCC_OPTIMIZATION_LEVEL = 0;
				GCC_PREPROCESSOR_DEFINITIONS = (
					"DEBUG=1",
					"$(inherited)",
				);
				GCC_WARN_64_TO_32_BIT_CONVERSION = YES;
				GCC_WARN_ABOUT_RETURN_TYPE = YES_ERROR;
				GCC_WARN_UNDECLARED_SELECTOR = YES;
				GCC_WARN_UNINITIALIZED_AUTOS = YES_AGGRESSIVE;
				GCC_WARN_UNUSED_FUNCTION = YES;
				GCC_WARN_UNUSED_VARIABLE = YES;
				IPHONEOS_DEPLOYMENT_TARGET = 17.5;
				LOCALIZATION_PREFERS_STRING_CATALOGS = YES;
				MTL_ENABLE_DEBUG_INFO = INCLUDE_SOURCE;
				MTL_FAST_MATH = YES;
				ONLY_ACTIVE_ARCH = YES;
				SDKROOT = iphoneos;
				SWIFT_ACTIVE_COMPILATION_CONDITIONS = "DEBUG $(inherited)";
				SWIFT_OPTIMIZATION_LEVEL = "-Onone";
			};
			name = Debug;
		};
		7A915C892C57577A0045F1CD /* Release */ = {
			isa = XCBuildConfiguration;
			buildSettings = {
				ALWAYS_SEARCH_USER_PATHS = NO;
				ASSETCATALOG_COMPILER_GENERATE_SWIFT_ASSET_SYMBOL_EXTENSIONS = YES;
				CLANG_ANALYZER_NONNULL = YES;
				CLANG_ANALYZER_NUMBER_OBJECT_CONVERSION = YES_AGGRESSIVE;
				CLANG_CXX_LANGUAGE_STANDARD = "gnu++20";
				CLANG_ENABLE_MODULES = YES;
				CLANG_ENABLE_OBJC_ARC = YES;
				CLANG_ENABLE_OBJC_WEAK = YES;
				CLANG_WARN_BLOCK_CAPTURE_AUTORELEASING = YES;
				CLANG_WARN_BOOL_CONVERSION = YES;
				CLANG_WARN_COMMA = YES;
				CLANG_WARN_CONSTANT_CONVERSION = YES;
				CLANG_WARN_DEPRECATED_OBJC_IMPLEMENTATIONS = YES;
				CLANG_WARN_DIRECT_OBJC_ISA_USAGE = YES_ERROR;
				CLANG_WARN_DOCUMENTATION_COMMENTS = YES;
				CLANG_WARN_EMPTY_BODY = YES;
				CLANG_WARN_ENUM_CONVERSION = YES;
				CLANG_WARN_INFINITE_RECURSION = YES;
				CLANG_WARN_INT_CONVERSION = YES;
				CLANG_WARN_NON_LITERAL_NULL_CONVERSION = YES;
				CLANG_WARN_OBJC_IMPLICIT_RETAIN_SELF = YES;
				CLANG_WARN_OBJC_LITERAL_CONVERSION = YES;
				CLANG_WARN_OBJC_ROOT_CLASS = YES_ERROR;
				CLANG_WARN_QUOTED_INCLUDE_IN_FRAMEWORK_HEADER = YES;
				CLANG_WARN_RANGE_LOOP_ANALYSIS = YES;
				CLANG_WARN_STRICT_PROTOTYPES = YES;
				CLANG_WARN_SUSPICIOUS_MOVE = YES;
				CLANG_WARN_UNGUARDED_AVAILABILITY = YES_AGGRESSIVE;
				CLANG_WARN_UNREACHABLE_CODE = YES;
				CLANG_WARN__DUPLICATE_METHOD_MATCH = YES;
				COPY_PHASE_STRIP = NO;
				DEBUG_INFORMATION_FORMAT = "dwarf-with-dsym";
				ENABLE_NS_ASSERTIONS = NO;
				ENABLE_STRICT_OBJC_MSGSEND = YES;
				ENABLE_USER_SCRIPT_SANDBOXING = YES;
				GCC_C_LANGUAGE_STANDARD = gnu17;
				GCC_NO_COMMON_BLOCKS = YES;
				GCC_WARN_64_TO_32_BIT_CONVERSION = YES;
				GCC_WARN_ABOUT_RETURN_TYPE = YES_ERROR;
				GCC_WARN_UNDECLARED_SELECTOR = YES;
				GCC_WARN_UNINITIALIZED_AUTOS = YES_AGGRESSIVE;
				GCC_WARN_UNUSED_FUNCTION = YES;
				GCC_WARN_UNUSED_VARIABLE = YES;
				IPHONEOS_DEPLOYMENT_TARGET = 17.5;
				LOCALIZATION_PREFERS_STRING_CATALOGS = YES;
				MTL_ENABLE_DEBUG_INFO = NO;
				MTL_FAST_MATH = YES;
				SDKROOT = iphoneos;
				SWIFT_COMPILATION_MODE = wholemodule;
				VALIDATE_PRODUCT = YES;
			};
			name = Release;
		};
		7A915C8B2C57577A0045F1CD /* Debug */ = {
			isa = XCBuildConfiguration;
			buildSettings = {
				ASSETCATALOG_COMPILER_APPICON_NAME = AppIcon;
				ASSETCATALOG_COMPILER_GLOBAL_ACCENT_COLOR_NAME = AccentColor;
				CODE_SIGN_STYLE = Automatic;
				CURRENT_PROJECT_VERSION = 1;
				DEVELOPMENT_ASSET_PATHS = "\"Bank_app/Preview Content\"";
				DEVELOPMENT_TEAM = Y3TUAZFAG8;
				ENABLE_PREVIEWS = YES;
				GENERATE_INFOPLIST_FILE = YES;
				INFOPLIST_KEY_UIApplicationSceneManifest_Generation = YES;
				INFOPLIST_KEY_UIApplicationSupportsIndirectInputEvents = YES;
				INFOPLIST_KEY_UILaunchScreen_Generation = YES;
				INFOPLIST_KEY_UISupportedInterfaceOrientations_iPad = "UIInterfaceOrientationPortrait UIInterfaceOrientationPortraitUpsideDown UIInterfaceOrientationLandscapeLeft UIInterfaceOrientationLandscapeRight";
				INFOPLIST_KEY_UISupportedInterfaceOrientations_iPhone = "UIInterfaceOrientationPortrait UIInterfaceOrientationLandscapeLeft UIInterfaceOrientationLandscapeRight";
				LD_RUNPATH_SEARCH_PATHS = (
					"$(inherited)",
					"@executable_path/Frameworks",
				);
				MARKETING_VERSION = 1.0;
				PRODUCT_BUNDLE_IDENTIFIER = "com.mycompany.Bank-app";
				PRODUCT_NAME = "$(TARGET_NAME)";
				SWIFT_EMIT_LOC_STRINGS = YES;
				SWIFT_VERSION = 5.0;
				TARGETED_DEVICE_FAMILY = "1,2";
			};
			name = Debug;
		};
		7A915C8C2C57577A0045F1CD /* Release */ = {
			isa = XCBuildConfiguration;
			buildSettings = {
				ASSETCATALOG_COMPILER_APPICON_NAME = AppIcon;
				ASSETCATALOG_COMPILER_GLOBAL_ACCENT_COLOR_NAME = AccentColor;
				CODE_SIGN_STYLE = Automatic;
				CURRENT_PROJECT_VERSION = 1;
				DEVELOPMENT_ASSET_PATHS = "\"Bank_app/Preview Content\"";
				DEVELOPMENT_TEAM = Y3TUAZFAG8;
				ENABLE_PREVIEWS = YES;
				GENERATE_INFOPLIST_FILE = YES;
				INFOPLIST_KEY_UIApplicationSceneManifest_Generation = YES;
				INFOPLIST_KEY_UIApplicationSupportsIndirectInputEvents = YES;
				INFOPLIST_KEY_UILaunchScreen_Generation = YES;
				INFOPLIST_KEY_UISupportedInterfaceOrientations_iPad = "UIInterfaceOrientationPortrait UIInterfaceOrientationPortraitUpsideDown UIInterfaceOrientationLandscapeLeft UIInterfaceOrientationLandscapeRight";
				INFOPLIST_KEY_UISupportedInterfaceOrientations_iPhone = "UIInterfaceOrientationPortrait UIInterfaceOrientationLandscapeLeft UIInterfaceOrientationLandscapeRight";
				LD_RUNPATH_SEARCH_PATHS = (
					"$(inherited)",
					"@executable_path/Frameworks",
				);
				MARKETING_VERSION = 1.0;
				PRODUCT_BUNDLE_IDENTIFIER = "com.mycompany.Bank-app";
				PRODUCT_NAME = "$(TARGET_NAME)";
				SWIFT_EMIT_LOC_STRINGS = YES;
				SWIFT_VERSION = 5.0;
				TARGETED_DEVICE_FAMILY = "1,2";
			};
			name = Release;
		};
/* End XCBuildConfiguration section */

/* Begin XCConfigurationList section */
		7A915C772C5757770045F1CD /* Build configuration list for PBXProject "Bank_app" */ = {
			isa = XCConfigurationList;
			buildConfigurations = (
				7A915C882C57577A0045F1CD /* Debug */,
				7A915C892C57577A0045F1CD /* Release */,
			);
			defaultConfigurationIsVisible = 0;
			defaultConfigurationName = Release;
		};
		7A915C8A2C57577A0045F1CD /* Build configuration list for PBXNativeTarget "Bank_app" */ = {
			isa = XCConfigurationList;
			buildConfigurations = (
				7A915C8B2C57577A0045F1CD /* Debug */,
				7A915C8C2C57577A0045F1CD /* Release */,
			);
			defaultConfigurationIsVisible = 0;
			defaultConfigurationName = Release;
		};
/* End XCConfigurationList section */
	};
	rootObject = 7A915C742C5757770045F1CD /* Project object */;
}
